
Microsoft Visual Studio Solution File, Format Version 12.00
# Visual Studio 15
VisualStudioVersion = 15.0.28010.2048
MinimumVisualStudioVersion = 10.0.40219.1
Project("{FAE04EC0-301F-11D3-BF4B-00C04F79EFBC}") = "ZimmerSystems", "ZimmerSystems\ZimmerSystems.csproj", "{D697C1D5-6EC7-46DC-9034-42A93E7D37AE}"
EndProject
Global
	GlobalSection(SolutionConfigurationPlatforms) = preSolution
		Debug|Any CPU = Debug|Any CPU
		Release|Any CPU = Release|Any CPU
	EndGlobalSection
	GlobalSection(ProjectConfigurationPlatforms) = postSolution
		{D697C1D5-6EC7-46DC-9034-42A93E7D37AE}.Debug|Any CPU.ActiveCfg = Debug|Any CPU
		{D697C1D5-6EC7-46DC-9034-42A93E7D37AE}.Debug|Any CPU.Build.0 = Debug|Any CPU
		{D697C1D5-6EC7-46DC-9034-42A93E7D37AE}.Release|Any CPU.ActiveCfg = Release|Any CPU
		{D697C1D5-6EC7-46DC-9034-42A93E7D37AE}.Release|Any CPU.Build.0 = Release|Any CPU
	EndGlobalSection
	GlobalSection(SolutionProperties) = preSolution
		HideSolutionNode = FALSE
	EndGlobalSection
	GlobalSection(ExtensibilityGlobals) = postSolution
		SolutionGuid = {814C3A85-F9F6-4DCE-BEDE-9D2FE18824BF}
	EndGlobalSection
EndGlobal
